
Microsoft Visual Studio Solution File, Format Version 12.00
# Visual Studio Version 17
VisualStudioVersion = 17.6.33717.318
MinimumVisualStudioVersion = 10.0.40219.1
Project("{8BC9CEB8-8B4A-11D0-8D11-00A0C91BC942}") = "AnotherWorthlessTry", "AnotherWorthlessTry\AnotherWorthlessTry.vcxproj", "{2DEDC8CD-5D56-4FAE-B358-93CD4746F3E8}"
EndProject
Global
	GlobalSection(SolutionConfigurationPlatforms) = preSolution
		Debug|x64 = Debug|x64
		Debug|x86 = Debug|x86
		Release|x64 = Release|x64
		Release|x86 = Release|x86
	EndGlobalSection
	GlobalSection(ProjectConfigurationPlatforms) = postSolution
		{2DEDC8CD-5D56-4FAE-B358-93CD4746F3E8}.Debug|x64.ActiveCfg = Debug|x64
		{2DEDC8CD-5D56-4FAE-B358-93CD4746F3E8}.Debug|x64.Build.0 = Debug|x64
		{2DEDC8CD-5D56-4FAE-B358-93CD4746F3E8}.Debug|x86.ActiveCfg = Debug|Win32
		{2DEDC8CD-5D56-4FAE-B358-93CD4746F3E8}.Debug|x86.Build.0 = Debug|Win32
		{2DEDC8CD-5D56-4FAE-B358-93CD4746F3E8}.Release|x64.ActiveCfg = Release|x64
		{2DEDC8CD-5D56-4FAE-B358-93CD4746F3E8}.Release|x64.Build.0 = Release|x64
		{2DEDC8CD-5D56-4FAE-B358-93CD4746F3E8}.Release|x86.ActiveCfg = Release|Win32
		{2DEDC8CD-5D56-4FAE-B358-93CD4746F3E8}.Release|x86.Build.0 = Release|Win32
	EndGlobalSection
	GlobalSection(SolutionProperties) = preSolution
		HideSolutionNode = FALSE
	EndGlobalSection
	GlobalSection(ExtensibilityGlobals) = postSolution
		SolutionGuid = {25A3F14F-1500-4A68-8327-E976378E19AB}
	EndGlobalSection
EndGlobal
