<?xml version="1.0" encoding="utf-8"?>
<Project ToolsVersion="4.0" xmlns="http://schemas.microsoft.com/developer/msbuild/2003">
  <ItemGroup>
    <Filter Include="Resource Files">
      <UniqueIdentifier>{67DA6AB6-F800-4c08-8B7A-83BB121AAD01}</UniqueIdentifier>
      <Extensions>rc;ico;cur;bmp;dlg;rc2;rct;bin;rgs;gif;jpg;jpeg;jpe;resx;tiff;tif;png;wav;mfcribbon-ms</Extensions>
    </Filter>
    <Filter Include="Input">
      <UniqueIdentifier>{2e72e41c-14f6-4dbb-8bc5-7ccddd6fe71b}</UniqueIdentifier>
    </Filter>
    <Filter Include="Input\Mouse">
      <UniqueIdentifier>{0238f7d3-e705-4118-81e5-83665a97c26d}</UniqueIdentifier>
    </Filter>
    <Filter Include="Header Files">
      <UniqueIdentifier>{93995380-89BD-4b04-88EB-625FBE52EBFB}</UniqueIdentifier>
      <Extensions>h;hh;hpp;hxx;h++;hm;inl;inc;ipp;xsd</Extensions>
    </Filter>
    <Filter Include="Source Files">
      <UniqueIdentifier>{4FC737F1-C7A5-4376-A066-2A32D752A2FF}</UniqueIdentifier>
      <Extensions>cpp;c;cc;cxx;c++;cppm;ixx;def;odl;idl;hpj;bat;asm;asmx</Extensions>
    </Filter>
    <Filter Include="Input\Keyboard">
      <UniqueIdentifier>{5118c95e-7279-47d5-ace1-ef4f4a02293b}</UniqueIdentifier>
    </Filter>
    <Filter Include="GFX">
      <UniqueIdentifier>{747db3f1-f9d4-4183-8bda-f111d1cb004f}</UniqueIdentifier>
    </Filter>
    <Filter Include="GFX\DrawObject">
      <UniqueIdentifier>{d305ff75-7bd6-4636-be3e-94103a96d431}</UniqueIdentifier>
    </Filter>
  </ItemGroup>
  <ItemGroup>
    <ClCompile Include="EnteryPoint.cpp">
      <Filter>Source Files</Filter>
    </ClCompile>
    <ClCompile Include="StringConverter.cpp">
      <Filter>Source Files</Filter>
    </ClCompile>
    <ClCompile Include="ExceptionLoger.cpp">
      <Filter>Source Files</Filter>
    </ClCompile>
    <ClCompile Include="Window.cpp">
      <Filter>Source Files</Filter>
    </ClCompile>
    <ClCompile Include="Engine.cpp">
      <Filter>Source Files</Filter>
    </ClCompile>
    <ClCompile Include="WindowConteiner.cpp">
      <Filter>Source Files</Filter>
    </ClCompile>
    <ClCompile Include="Input\Keyboard\KeyboardClass.cpp">
      <Filter>Input\Keyboard</Filter>
    </ClCompile>
    <ClCompile Include="Input\Keyboard\KeyboardEvent.cpp">
      <Filter>Input\Keyboard</Filter>
    </ClCompile>
    <ClCompile Include="Input\Mouse\MouseClass.cpp">
      <Filter>Input\Mouse</Filter>
    </ClCompile>
    <ClCompile Include="Input\Mouse\MouseEvent.cpp">
      <Filter>Input\Mouse</Filter>
    </ClCompile>
    <ClCompile Include="GFX\GFX.cpp">
      <Filter>GFX</Filter>
    </ClCompile>
    <ClCompile Include="GFX\AdapterReader.cpp">
      <Filter>GFX</Filter>
    </ClCompile>
    <ClCompile Include="GFX\Shaders.cpp">
      <Filter>GFX</Filter>
    </ClCompile>
    <ClCompile Include="Timer.cpp">
      <Filter>Source Files</Filter>
    </ClCompile>
    <ClCompile Include="GFX\Camera.cpp">
      <Filter>GFX</Filter>
    </ClCompile>
  </ItemGroup>
  <ItemGroup>
    <ClInclude Include="StringConverter.h">
      <Filter>Header Files</Filter>
    </ClInclude>
    <ClInclude Include="ExceptionLoger.h">
      <Filter>Header Files</Filter>
    </ClInclude>
    <ClInclude Include="Window.h">
      <Filter>Header Files</Filter>
    </ClInclude>
    <ClInclude Include="Engine.h">
      <Filter>Header Files</Filter>
    </ClInclude>
    <ClInclude Include="WindowConteiner.h">
      <Filter>Header Files</Filter>
    </ClInclude>
    <ClInclude Include="Input\Keyboard\KeyboardClass.h">
      <Filter>Input\Keyboard</Filter>
    </ClInclude>
    <ClInclude Include="Input\Keyboard\KeyboardEvent.h">
      <Filter>Input\Keyboard</Filter>
    </ClInclude>
    <ClInclude Include="Input\Mouse\MouseClass.h">
      <Filter>Input\Mouse</Filter>
    </ClInclude>
    <ClInclude Include="Input\Mouse\MouseEvent.h">
      <Filter>Input\Mouse</Filter>
    </ClInclude>
    <ClInclude Include="GFX\GFX.h">
      <Filter>GFX</Filter>
    </ClInclude>
    <ClInclude Include="GFX\AdapterReader.h">
      <Filter>GFX</Filter>
    </ClInclude>
    <ClInclude Include="GFX\Vertex.h">
      <Filter>GFX</Filter>
    </ClInclude>
    <ClInclude Include="GFX\Shaders.h">
      <Filter>GFX</Filter>
    </ClInclude>
    <ClInclude Include="GFX\ConstantBuffer.h">
      <Filter>GFX</Filter>
    </ClInclude>
    <ClInclude Include="GFX\ConstantBufferTypes.h">
      <Filter>GFX</Filter>
    </ClInclude>
    <ClInclude Include="GFX\IndexBuffer.h">
      <Filter>GFX</Filter>
    </ClInclude>
    <ClInclude Include="GFX\VertexBuffer.h">
      <Filter>GFX</Filter>
    </ClInclude>
    <ClInclude Include="Timer.h">
      <Filter>Header Files</Filter>
    </ClInclude>
    <ClInclude Include="GFX\DrawObjects\SphereObject.h">
      <Filter>GFX\DrawObject</Filter>
    </ClInclude>
    <ClInclude Include="GFX\Camera.h">
      <Filter>GFX</Filter>
    </ClInclude>
  </ItemGroup>
  <ItemGroup>
    <FxCompile Include="GFX\vertexshader.hlsl">
      <Filter>GFX</Filter>
    </FxCompile>
    <FxCompile Include="GFX\pixelshader.hlsl">
      <Filter>GFX</Filter>
    </FxCompile>
  </ItemGroup>
</Project>